
Microsoft Visual Studio Solution File, Format Version 12.00
# Visual Studio Version 16
VisualStudioVersion = 16.0.29123.88
MinimumVisualStudioVersion = 10.0.40219.1
Project("{FAE04EC0-301F-11D3-BF4B-00C04F79EFBC}") = "EFNgWebApp", "EFNgWebApp.csproj", "{0451CEA1-43BB-4486-ACA9-F930AD274F33}"
EndProject
Global
	GlobalSection(SolutionConfigurationPlatforms) = preSolution
		Debug|Any CPU = Debug|Any CPU
		Release|Any CPU = Release|Any CPU
	EndGlobalSection
	GlobalSection(ProjectConfigurationPlatforms) = postSolution
		{0451CEA1-43BB-4486-ACA9-F930AD274F33}.Debug|Any CPU.ActiveCfg = Debug|Any CPU
		{0451CEA1-43BB-4486-ACA9-F930AD274F33}.Debug|Any CPU.Build.0 = Debug|Any CPU
		{0451CEA1-43BB-4486-ACA9-F930AD274F33}.Release|Any CPU.ActiveCfg = Release|Any CPU
		{0451CEA1-43BB-4486-ACA9-F930AD274F33}.Release|Any CPU.Build.0 = Release|Any CPU
	EndGlobalSection
	GlobalSection(SolutionProperties) = preSolution
		HideSolutionNode = FALSE
	EndGlobalSection
	GlobalSection(ExtensibilityGlobals) = postSolution
		SolutionGuid = {94BCFFB5-4F25-4EDF-8629-0FD18A053D6A}
	EndGlobalSection
EndGlobal
